
Microsoft Visual Studio Solution File, Format Version 12.00
# Visual Studio Version 17
VisualStudioVersion = 17.5.33530.505
MinimumVisualStudioVersion = 10.0.40219.1
Project("{9A19103F-16F7-4668-BE54-9A1E7A4F7556}") = "Eight_prac_C_sharp", "Eight_prac_C_sharp.csproj", "{7FC943E6-0344-4F43-B59C-89208148751A}"
EndProject
Project("{9A19103F-16F7-4668-BE54-9A1E7A4F7556}") = "FuncLibr", "..\FuncLibr\FuncLibr.csproj", "{25013A38-6D13-4887-B70E-B8673DF4C24C}"
EndProject
Project("{9A19103F-16F7-4668-BE54-9A1E7A4F7556}") = "CustomLib", "..\CustomLib\CustomLib.csproj", "{46C044C2-7040-4422-9126-EEFE7C83A45B}"
EndProject
Project("{FAE04EC0-301F-11D3-BF4B-00C04F79EFBC}") = "LanguageLib", "..\LanguageLib\LanguageLib.csproj", "{866A502B-8981-43F8-9F4C-E3DD1D1B15F5}"
EndProject
Global
	GlobalSection(SolutionConfigurationPlatforms) = preSolution
		Debug|Any CPU = Debug|Any CPU
		Release|Any CPU = Release|Any CPU
	EndGlobalSection
	GlobalSection(ProjectConfigurationPlatforms) = postSolution
		{7FC943E6-0344-4F43-B59C-89208148751A}.Debug|Any CPU.ActiveCfg = Debug|Any CPU
		{7FC943E6-0344-4F43-B59C-89208148751A}.Debug|Any CPU.Build.0 = Debug|Any CPU
		{7FC943E6-0344-4F43-B59C-89208148751A}.Release|Any CPU.ActiveCfg = Release|Any CPU
		{7FC943E6-0344-4F43-B59C-89208148751A}.Release|Any CPU.Build.0 = Release|Any CPU
		{25013A38-6D13-4887-B70E-B8673DF4C24C}.Debug|Any CPU.ActiveCfg = Debug|Any CPU
		{25013A38-6D13-4887-B70E-B8673DF4C24C}.Debug|Any CPU.Build.0 = Debug|Any CPU
		{25013A38-6D13-4887-B70E-B8673DF4C24C}.Release|Any CPU.ActiveCfg = Release|Any CPU
		{25013A38-6D13-4887-B70E-B8673DF4C24C}.Release|Any CPU.Build.0 = Release|Any CPU
		{46C044C2-7040-4422-9126-EEFE7C83A45B}.Debug|Any CPU.ActiveCfg = Debug|Any CPU
		{46C044C2-7040-4422-9126-EEFE7C83A45B}.Debug|Any CPU.Build.0 = Debug|Any CPU
		{46C044C2-7040-4422-9126-EEFE7C83A45B}.Release|Any CPU.ActiveCfg = Release|Any CPU
		{46C044C2-7040-4422-9126-EEFE7C83A45B}.Release|Any CPU.Build.0 = Release|Any CPU
		{866A502B-8981-43F8-9F4C-E3DD1D1B15F5}.Debug|Any CPU.ActiveCfg = Debug|Any CPU
		{866A502B-8981-43F8-9F4C-E3DD1D1B15F5}.Debug|Any CPU.Build.0 = Debug|Any CPU
		{866A502B-8981-43F8-9F4C-E3DD1D1B15F5}.Release|Any CPU.ActiveCfg = Release|Any CPU
		{866A502B-8981-43F8-9F4C-E3DD1D1B15F5}.Release|Any CPU.Build.0 = Release|Any CPU
	EndGlobalSection
	GlobalSection(SolutionProperties) = preSolution
		HideSolutionNode = FALSE
	EndGlobalSection
	GlobalSection(ExtensibilityGlobals) = postSolution
		SolutionGuid = {4097224C-D77D-482D-9F4E-417207B22FAD}
	EndGlobalSection
EndGlobal
